
Microsoft Visual Studio Solution File, Format Version 12.00
# Visual Studio Version 16
VisualStudioVersion = 16.0.30804.86
MinimumVisualStudioVersion = 10.0.40219.1
Project("{FAE04EC0-301F-11D3-BF4B-00C04F79EFBC}") = "MySiteApi", "MySiteApi\MySiteApi.csproj", "{57E9BBA2-ED0C-4816-AD50-0C7C198C8612}"
EndProject
Project("{FAE04EC0-301F-11D3-BF4B-00C04F79EFBC}") = "MySiteMvc", "MySiteMvc\MySiteMvc.csproj", "{E2C05716-A096-4FC3-B13E-16222E701904}"
EndProject
Global
	GlobalSection(SolutionConfigurationPlatforms) = preSolution
		Debug|Any CPU = Debug|Any CPU
		Release|Any CPU = Release|Any CPU
	EndGlobalSection
	GlobalSection(ProjectConfigurationPlatforms) = postSolution
		{57E9BBA2-ED0C-4816-AD50-0C7C198C8612}.Debug|Any CPU.ActiveCfg = Debug|Any CPU
		{57E9BBA2-ED0C-4816-AD50-0C7C198C8612}.Debug|Any CPU.Build.0 = Debug|Any CPU
		{57E9BBA2-ED0C-4816-AD50-0C7C198C8612}.Release|Any CPU.ActiveCfg = Release|Any CPU
		{57E9BBA2-ED0C-4816-AD50-0C7C198C8612}.Release|Any CPU.Build.0 = Release|Any CPU
		{E2C05716-A096-4FC3-B13E-16222E701904}.Debug|Any CPU.ActiveCfg = Debug|Any CPU
		{E2C05716-A096-4FC3-B13E-16222E701904}.Debug|Any CPU.Build.0 = Debug|Any CPU
		{E2C05716-A096-4FC3-B13E-16222E701904}.Release|Any CPU.ActiveCfg = Release|Any CPU
		{E2C05716-A096-4FC3-B13E-16222E701904}.Release|Any CPU.Build.0 = Release|Any CPU
	EndGlobalSection
	GlobalSection(SolutionProperties) = preSolution
		HideSolutionNode = FALSE
	EndGlobalSection
	GlobalSection(ExtensibilityGlobals) = postSolution
		SolutionGuid = {1CC6361A-6DA3-4098-AB81-0E6A992E31F3}
	EndGlobalSection
EndGlobal
